// !$*UTF8*$!
{
	archiveVersion = 1;
	classes = {
	};
	objectVersion = 56;
	objects = {

/* Begin PBXBuildFile section */
		4F12F5DA2B0C0B56000E18F3 /* DishPlanDetailView.swift in Sources */ = {isa = PBXBuildFile; fileRef = 4F12F5D92B0C0B56000E18F3 /* DishPlanDetailView.swift */; };
		4F12F5DC2B0CB92D000E18F3 /* basePlanView.swift in Sources */ = {isa = PBXBuildFile; fileRef = 4F12F5DB2B0CB92D000E18F3 /* basePlanView.swift */; };
		4F12F5DE2B0CB96C000E18F3 /* dayPlanView.swift in Sources */ = {isa = PBXBuildFile; fileRef = 4F12F5DD2B0CB96C000E18F3 /* dayPlanView.swift */; };
		4F12F5E02B0CBC28000E18F3 /* DishPlanRowView.swift in Sources */ = {isa = PBXBuildFile; fileRef = 4F12F5DF2B0CBC28000E18F3 /* DishPlanRowView.swift */; };
		4F12F5E22B0E0F36000E18F3 /* MainTabView.swift in Sources */ = {isa = PBXBuildFile; fileRef = 4F12F5E12B0E0F36000E18F3 /* MainTabView.swift */; };
		4F12F5E42B0E0F5F000E18F3 /* HomeView.swift in Sources */ = {isa = PBXBuildFile; fileRef = 4F12F5E32B0E0F5F000E18F3 /* HomeView.swift */; };
		4FBCBAD82B048EE000F89254 /* prototypeApp.swift in Sources */ = {isa = PBXBuildFile; fileRef = 4FBCBAD72B048EE000F89254 /* prototypeApp.swift */; };
		4FBCBADC2B048EE200F89254 /* Assets.xcassets in Resources */ = {isa = PBXBuildFile; fileRef = 4FBCBADB2B048EE200F89254 /* Assets.xcassets */; };
		4FBCBADF2B048EE200F89254 /* Preview Assets.xcassets in Resources */ = {isa = PBXBuildFile; fileRef = 4FBCBADE2B048EE200F89254 /* Preview Assets.xcassets */; };
		4FBCBAE12B048EE200F89254 /* Persistence.swift in Sources */ = {isa = PBXBuildFile; fileRef = 4FBCBAE02B048EE200F89254 /* Persistence.swift */; };
		4FBCBAE42B048EE200F89254 /* prototype.xcdatamodeld in Sources */ = {isa = PBXBuildFile; fileRef = 4FBCBAE22B048EE200F89254 /* prototype.xcdatamodeld */; };
		4FBCBAEF2B0492C400F89254 /* mainView.swift in Sources */ = {isa = PBXBuildFile; fileRef = 4FBCBAEE2B0492C400F89254 /* mainView.swift */; };
		4FBCBAF92B04C17100F89254 /* helperFunctions.swift in Sources */ = {isa = PBXBuildFile; fileRef = 4FBCBAF82B04C17100F89254 /* helperFunctions.swift */; };
		4FBCBAFB2B057A8F00F89254 /* dataModels.swift in Sources */ = {isa = PBXBuildFile; fileRef = 4FBCBAFA2B057A8F00F89254 /* dataModels.swift */; };
		4FBCBAFD2B05822F00F89254 /* globalConstants.swift in Sources */ = {isa = PBXBuildFile; fileRef = 4FBCBAFC2B05822F00F89254 /* globalConstants.swift */; };
		4FBCBAFF2B05BD2F00F89254 /* settingsView.swift in Sources */ = {isa = PBXBuildFile; fileRef = 4FBCBAFE2B05BD2F00F89254 /* settingsView.swift */; };
		4FBCBB012B05BE5F00F89254 /* TastePreferencesView.swift in Sources */ = {isa = PBXBuildFile; fileRef = 4FBCBB002B05BE5F00F89254 /* TastePreferencesView.swift */; };
		4FBCBB032B06001900F89254 /* draftPlan.swift in Sources */ = {isa = PBXBuildFile; fileRef = 4FBCBB022B06001900F89254 /* draftPlan.swift */; };
/* End PBXBuildFile section */

/* Begin PBXFileReference section */
		4F12F5D92B0C0B56000E18F3 /* DishPlanDetailView.swift */ = {isa = PBXFileReference; lastKnownFileType = sourcecode.swift; path = DishPlanDetailView.swift; sourceTree = "<group>"; };
		4F12F5DB2B0CB92D000E18F3 /* basePlanView.swift */ = {isa = PBXFileReference; lastKnownFileType = sourcecode.swift; path = basePlanView.swift; sourceTree = "<group>"; };
		4F12F5DD2B0CB96C000E18F3 /* dayPlanView.swift */ = {isa = PBXFileReference; lastKnownFileType = sourcecode.swift; path = dayPlanView.swift; sourceTree = "<group>"; };
		4F12F5DF2B0CBC28000E18F3 /* DishPlanRowView.swift */ = {isa = PBXFileReference; lastKnownFileType = sourcecode.swift; path = DishPlanRowView.swift; sourceTree = "<group>"; };
		4F12F5E12B0E0F36000E18F3 /* MainTabView.swift */ = {isa = PBXFileReference; lastKnownFileType = sourcecode.swift; path = MainTabView.swift; sourceTree = "<group>"; };
		4F12F5E32B0E0F5F000E18F3 /* HomeView.swift */ = {isa = PBXFileReference; lastKnownFileType = sourcecode.swift; path = HomeView.swift; sourceTree = "<group>"; };
		4FBCBAD42B048EE000F89254 /* Menu Muse.app */ = {isa = PBXFileReference; explicitFileType = wrapper.application; includeInIndex = 0; path = "Menu Muse.app"; sourceTree = BUILT_PRODUCTS_DIR; };
		4FBCBAD72B048EE000F89254 /* prototypeApp.swift */ = {isa = PBXFileReference; lastKnownFileType = sourcecode.swift; path = prototypeApp.swift; sourceTree = "<group>"; };
		4FBCBADB2B048EE200F89254 /* Assets.xcassets */ = {isa = PBXFileReference; lastKnownFileType = folder.assetcatalog; path = Assets.xcassets; sourceTree = "<group>"; };
		4FBCBADE2B048EE200F89254 /* Preview Assets.xcassets */ = {isa = PBXFileReference; lastKnownFileType = folder.assetcatalog; path = "Preview Assets.xcassets"; sourceTree = "<group>"; };
		4FBCBAE02B048EE200F89254 /* Persistence.swift */ = {isa = PBXFileReference; lastKnownFileType = sourcecode.swift; path = Persistence.swift; sourceTree = "<group>"; };
		4FBCBAE32B048EE200F89254 /* prototype.xcdatamodel */ = {isa = PBXFileReference; lastKnownFileType = wrapper.xcdatamodel; path = prototype.xcdatamodel; sourceTree = "<group>"; };
		4FBCBAEE2B0492C400F89254 /* mainView.swift */ = {isa = PBXFileReference; lastKnownFileType = sourcecode.swift; path = mainView.swift; sourceTree = "<group>"; };
		4FBCBAF82B04C17100F89254 /* helperFunctions.swift */ = {isa = PBXFileReference; lastKnownFileType = sourcecode.swift; path = helperFunctions.swift; sourceTree = "<group>"; };
		4FBCBAFA2B057A8F00F89254 /* dataModels.swift */ = {isa = PBXFileReference; lastKnownFileType = sourcecode.swift; path = dataModels.swift; sourceTree = "<group>"; };
		4FBCBAFC2B05822F00F89254 /* globalConstants.swift */ = {isa = PBXFileReference; lastKnownFileType = sourcecode.swift; path = globalConstants.swift; sourceTree = "<group>"; };
		4FBCBAFE2B05BD2F00F89254 /* settingsView.swift */ = {isa = PBXFileReference; lastKnownFileType = sourcecode.swift; path = settingsView.swift; sourceTree = "<group>"; };
		4FBCBB002B05BE5F00F89254 /* TastePreferencesView.swift */ = {isa = PBXFileReference; lastKnownFileType = sourcecode.swift; path = TastePreferencesView.swift; sourceTree = "<group>"; };
		4FBCBB022B06001900F89254 /* draftPlan.swift */ = {isa = PBXFileReference; lastKnownFileType = sourcecode.swift; path = draftPlan.swift; sourceTree = "<group>"; };
/* End PBXFileReference section */

/* Begin PBXFrameworksBuildPhase section */
		4FBCBAD12B048EE000F89254 /* Frameworks */ = {
			isa = PBXFrameworksBuildPhase;
			buildActionMask = 2147483647;
			files = (
			);
			runOnlyForDeploymentPostprocessing = 0;
		};
/* End PBXFrameworksBuildPhase section */

/* Begin PBXGroup section */
		4FBCBACB2B048EE000F89254 = {
			isa = PBXGroup;
			children = (
				4FBCBAFC2B05822F00F89254 /* globalConstants.swift */,
				4FBCBB022B06001900F89254 /* draftPlan.swift */,
				4FBCBAFA2B057A8F00F89254 /* dataModels.swift */,
				4FBCBAD62B048EE000F89254 /* prototype */,
				4FBCBAD52B048EE000F89254 /* Products */,
			);
			sourceTree = "<group>";
		};
		4FBCBAD52B048EE000F89254 /* Products */ = {
			isa = PBXGroup;
			children = (
				4FBCBAD42B048EE000F89254 /* Menu Muse.app */,
			);
			name = Products;
			sourceTree = "<group>";
		};
		4FBCBAD62B048EE000F89254 /* prototype */ = {
			isa = PBXGroup;
			children = (
				4FBCBAD72B048EE000F89254 /* prototypeApp.swift */,
				4F12F5DB2B0CB92D000E18F3 /* basePlanView.swift */,
				4F12F5E12B0E0F36000E18F3 /* MainTabView.swift */,
				4F12F5E32B0E0F5F000E18F3 /* HomeView.swift */,
				4F12F5DD2B0CB96C000E18F3 /* dayPlanView.swift */,
				4F12F5DF2B0CBC28000E18F3 /* DishPlanRowView.swift */,
				4FBCBAFE2B05BD2F00F89254 /* settingsView.swift */,
				4FBCBB002B05BE5F00F89254 /* TastePreferencesView.swift */,
				4F12F5D92B0C0B56000E18F3 /* DishPlanDetailView.swift */,
				4FBCBAEE2B0492C400F89254 /* mainView.swift */,
				4FBCBAF82B04C17100F89254 /* helperFunctions.swift */,
				4FBCBADB2B048EE200F89254 /* Assets.xcassets */,
				4FBCBAE02B048EE200F89254 /* Persistence.swift */,
				4FBCBAE22B048EE200F89254 /* prototype.xcdatamodeld */,
				4FBCBADD2B048EE200F89254 /* Preview Content */,
			);
			path = prototype;
			sourceTree = "<group>";
		};
		4FBCBADD2B048EE200F89254 /* Preview Content */ = {
			isa = PBXGroup;
			children = (
				4FBCBADE2B048EE200F89254 /* Preview Assets.xcassets */,
			);
			path = "Preview Content";
			sourceTree = "<group>";
		};
/* End PBXGroup section */

/* Begin PBXNativeTarget section */
		4FBCBAD32B048EE000F89254 /* Menu Muse */ = {
			isa = PBXNativeTarget;
			buildConfigurationList = 4FBCBAE72B048EE200F89254 /* Build configuration list for PBXNativeTarget "Menu Muse" */;
			buildPhases = (
				4FBCBAD02B048EE000F89254 /* Sources */,
				4FBCBAD12B048EE000F89254 /* Frameworks */,
				4FBCBAD22B048EE000F89254 /* Resources */,
			);
			buildRules = (
			);
			dependencies = (
			);
			name = "Menu Muse";
			productName = prototype;
			productReference = 4FBCBAD42B048EE000F89254 /* Menu Muse.app */;
			productType = "com.apple.product-type.application";
		};
/* End PBXNativeTarget section */

/* Begin PBXProject section */
		4FBCBACC2B048EE000F89254 /* Project object */ = {
			isa = PBXProject;
			attributes = {
				BuildIndependentTargetsInParallel = 1;
				LastSwiftUpdateCheck = 1500;
				LastUpgradeCheck = 1500;
				TargetAttributes = {
					4FBCBAD32B048EE000F89254 = {
						CreatedOnToolsVersion = 15.0.1;
					};
				};
			};
			buildConfigurationList = 4FBCBACF2B048EE000F89254 /* Build configuration list for PBXProject "Menu Muse" */;
			compatibilityVersion = "Xcode 14.0";
			developmentRegion = en;
			hasScannedForEncodings = 0;
			knownRegions = (
				en,
				Base,
			);
			mainGroup = 4FBCBACB2B048EE000F89254;
			productRefGroup = 4FBCBAD52B048EE000F89254 /* Products */;
			projectDirPath = "";
			projectRoot = "";
			targets = (
				4FBCBAD32B048EE000F89254 /* Menu Muse */,
			);
		};
/* End PBXProject section */

/* Begin PBXResourcesBuildPhase section */
		4FBCBAD22B048EE000F89254 /* Resources */ = {
			isa = PBXResourcesBuildPhase;
			buildActionMask = 2147483647;
			files = (
				4FBCBADF2B048EE200F89254 /* Preview Assets.xcassets in Resources */,
				4FBCBADC2B048EE200F89254 /* Assets.xcassets in Resources */,
			);
			runOnlyForDeploymentPostprocessing = 0;
		};
/* End PBXResourcesBuildPhase section */

/* Begin PBXSourcesBuildPhase section */
		4FBCBAD02B048EE000F89254 /* Sources */ = {
			isa = PBXSourcesBuildPhase;
			buildActionMask = 2147483647;
			files = (
				4FBCBAE42B048EE200F89254 /* prototype.xcdatamodeld in Sources */,
				4FBCBAE12B048EE200F89254 /* Persistence.swift in Sources */,
				4F12F5E02B0CBC28000E18F3 /* DishPlanRowView.swift in Sources */,
				4FBCBB032B06001900F89254 /* draftPlan.swift in Sources */,
				4F12F5DA2B0C0B56000E18F3 /* DishPlanDetailView.swift in Sources */,
				4FBCBB012B05BE5F00F89254 /* TastePreferencesView.swift in Sources */,
				4FBCBAF92B04C17100F89254 /* helperFunctions.swift in Sources */,
				4FBCBAEF2B0492C400F89254 /* mainView.swift in Sources */,
				4FBCBAFD2B05822F00F89254 /* globalConstants.swift in Sources */,
				4FBCBAD82B048EE000F89254 /* prototypeApp.swift in Sources */,
				4FBCBAFB2B057A8F00F89254 /* dataModels.swift in Sources */,
				4F12F5DE2B0CB96C000E18F3 /* dayPlanView.swift in Sources */,
				4FBCBAFF2B05BD2F00F89254 /* settingsView.swift in Sources */,
				4F12F5E42B0E0F5F000E18F3 /* HomeView.swift in Sources */,
				4F12F5DC2B0CB92D000E18F3 /* basePlanView.swift in Sources */,
				4F12F5E22B0E0F36000E18F3 /* MainTabView.swift in Sources */,
			);
			runOnlyForDeploymentPostprocessing = 0;
		};
/* End PBXSourcesBuildPhase section */

/* Begin XCBuildConfiguration section */
		4FBCBAE52B048EE200F89254 /* Debug */ = {
			isa = XCBuildConfiguration;
			buildSettings = {
				ALWAYS_SEARCH_USER_PATHS = NO;
				ASSETCATALOG_COMPILER_GENERATE_SWIFT_ASSET_SYMBOL_EXTENSIONS = YES;
				CLANG_ANALYZER_NONNULL = YES;
				CLANG_ANALYZER_NUMBER_OBJECT_CONVERSION = YES_AGGRESSIVE;
				CLANG_CXX_LANGUAGE_STANDARD = "gnu++20";
				CLANG_ENABLE_MODULES = YES;
				CLANG_ENABLE_OBJC_ARC = YES;
				CLANG_ENABLE_OBJC_WEAK = YES;
				CLANG_WARN_BLOCK_CAPTURE_AUTORELEASING = YES;
				CLANG_WARN_BOOL_CONVERSION = YES;
				CLANG_WARN_COMMA = YES;
				CLANG_WARN_CONSTANT_CONVERSION = YES;
				CLANG_WARN_DEPRECATED_OBJC_IMPLEMENTATIONS = YES;
				CLANG_WARN_DIRECT_OBJC_ISA_USAGE = YES_ERROR;
				CLANG_WARN_DOCUMENTATION_COMMENTS = YES;
				CLANG_WARN_EMPTY_BODY = YES;
				CLANG_WARN_ENUM_CONVERSION = YES;
				CLANG_WARN_INFINITE_RECURSION = YES;
				CLANG_WARN_INT_CONVERSION = YES;
				CLANG_WARN_NON_LITERAL_NULL_CONVERSION = YES;
				CLANG_WARN_OBJC_IMPLICIT_RETAIN_SELF = YES;
				CLANG_WARN_OBJC_LITERAL_CONVERSION = YES;
				CLANG_WARN_OBJC_ROOT_CLASS = YES_ERROR;
				CLANG_WARN_QUOTED_INCLUDE_IN_FRAMEWORK_HEADER = YES;
				CLANG_WARN_RANGE_LOOP_ANALYSIS = YES;
				CLANG_WARN_STRICT_PROTOTYPES = YES;
				CLANG_WARN_SUSPICIOUS_MOVE = YES;
				CLANG_WARN_UNGUARDED_AVAILABILITY = YES_AGGRESSIVE;
				CLANG_WARN_UNREACHABLE_CODE = YES;
				CLANG_WARN__DUPLICATE_METHOD_MATCH = YES;
				COPY_PHASE_STRIP = NO;
				DEBUG_INFORMATION_FORMAT = dwarf;
				ENABLE_STRICT_OBJC_MSGSEND = YES;
				ENABLE_TESTABILITY = YES;
				ENABLE_USER_SCRIPT_SANDBOXING = YES;
				GCC_C_LANGUAGE_STANDARD = gnu17;
				GCC_DYNAMIC_NO_PIC = NO;
				GCC_NO_COMMON_BLOCKS = YES;
				GCC_OPTIMIZATION_LEVEL = 0;
				GCC_PREPROCESSOR_DEFINITIONS = (
					"DEBUG=1",
					"$(inherited)",
				);
				GCC_WARN_64_TO_32_BIT_CONVERSION = YES;
				GCC_WARN_ABOUT_RETURN_TYPE = YES_ERROR;
				GCC_WARN_UNDECLARED_SELECTOR = YES;
				GCC_WARN_UNINITIALIZED_AUTOS = YES_AGGRESSIVE;
				GCC_WARN_UNUSED_FUNCTION = YES;
				GCC_WARN_UNUSED_VARIABLE = YES;
				IPHONEOS_DEPLOYMENT_TARGET = 17.0;
				LOCALIZATION_PREFERS_STRING_CATALOGS = YES;
				MTL_ENABLE_DEBUG_INFO = INCLUDE_SOURCE;
				MTL_FAST_MATH = YES;
				ONLY_ACTIVE_ARCH = YES;
				SDKROOT = iphoneos;
				SWIFT_ACTIVE_COMPILATION_CONDITIONS = "DEBUG $(inherited)";
				SWIFT_OPTIMIZATION_LEVEL = "-Onone";
			};
			name = Debug;
		};
		4FBCBAE62B048EE200F89254 /* Release */ = {
			isa = XCBuildConfiguration;
			buildSettings = {
				ALWAYS_SEARCH_USER_PATHS = NO;
				ASSETCATALOG_COMPILER_GENERATE_SWIFT_ASSET_SYMBOL_EXTENSIONS = YES;
				CLANG_ANALYZER_NONNULL = YES;
				CLANG_ANALYZER_NUMBER_OBJECT_CONVERSION = YES_AGGRESSIVE;
				CLANG_CXX_LANGUAGE_STANDARD = "gnu++20";
				CLANG_ENABLE_MODULES = YES;
				CLANG_ENABLE_OBJC_ARC = YES;
				CLANG_ENABLE_OBJC_WEAK = YES;
				CLANG_WARN_BLOCK_CAPTURE_AUTORELEASING = YES;
				CLANG_WARN_BOOL_CONVERSION = YES;
				CLANG_WARN_COMMA = YES;
				CLANG_WARN_CONSTANT_CONVERSION = YES;
				CLANG_WARN_DEPRECATED_OBJC_IMPLEMENTATIONS = YES;
				CLANG_WARN_DIRECT_OBJC_ISA_USAGE = YES_ERROR;
				CLANG_WARN_DOCUMENTATION_COMMENTS = YES;
				CLANG_WARN_EMPTY_BODY = YES;
				CLANG_WARN_ENUM_CONVERSION = YES;
				CLANG_WARN_INFINITE_RECURSION = YES;
				CLANG_WARN_INT_CONVERSION = YES;
				CLANG_WARN_NON_LITERAL_NULL_CONVERSION = YES;
				CLANG_WARN_OBJC_IMPLICIT_RETAIN_SELF = YES;
				CLANG_WARN_OBJC_LITERAL_CONVERSION = YES;
				CLANG_WARN_OBJC_ROOT_CLASS = YES_ERROR;
				CLANG_WARN_QUOTED_INCLUDE_IN_FRAMEWORK_HEADER = YES;
				CLANG_WARN_RANGE_LOOP_ANALYSIS = YES;
				CLANG_WARN_STRICT_PROTOTYPES = YES;
				CLANG_WARN_SUSPICIOUS_MOVE = YES;
				CLANG_WARN_UNGUARDED_AVAILABILITY = YES_AGGRESSIVE;
				CLANG_WARN_UNREACHABLE_CODE = YES;
				CLANG_WARN__DUPLICATE_METHOD_MATCH = YES;
				COPY_PHASE_STRIP = NO;
				DEBUG_INFORMATION_FORMAT = "dwarf-with-dsym";
				ENABLE_NS_ASSERTIONS = NO;
				ENABLE_STRICT_OBJC_MSGSEND = YES;
				ENABLE_USER_SCRIPT_SANDBOXING = YES;
				GCC_C_LANGUAGE_STANDARD = gnu17;
				GCC_NO_COMMON_BLOCKS = YES;
				GCC_WARN_64_TO_32_BIT_CONVERSION = YES;
				GCC_WARN_ABOUT_RETURN_TYPE = YES_ERROR;
				GCC_WARN_UNDECLARED_SELECTOR = YES;
				GCC_WARN_UNINITIALIZED_AUTOS = YES_AGGRESSIVE;
				GCC_WARN_UNUSED_FUNCTION = YES;
				GCC_WARN_UNUSED_VARIABLE = YES;
				IPHONEOS_DEPLOYMENT_TARGET = 17.0;
				LOCALIZATION_PREFERS_STRING_CATALOGS = YES;
				MTL_ENABLE_DEBUG_INFO = NO;
				MTL_FAST_MATH = YES;
				SDKROOT = iphoneos;
				SWIFT_COMPILATION_MODE = wholemodule;
				VALIDATE_PRODUCT = YES;
			};
			name = Release;
		};
		4FBCBAE82B048EE200F89254 /* Debug */ = {
			isa = XCBuildConfiguration;
			buildSettings = {
				ASSETCATALOG_COMPILER_APPICON_NAME = AppIcon;
				ASSETCATALOG_COMPILER_GLOBAL_ACCENT_COLOR_NAME = AccentColor;
				CODE_SIGN_STYLE = Automatic;
				CURRENT_PROJECT_VERSION = 1;
				DEVELOPMENT_ASSET_PATHS = "\"prototype/Preview Content\"";
				DEVELOPMENT_TEAM = 2U8VVNA68Z;
				ENABLE_PREVIEWS = YES;
				GENERATE_INFOPLIST_FILE = YES;
				INFOPLIST_KEY_UIApplicationSceneManifest_Generation = YES;
				INFOPLIST_KEY_UIApplicationSupportsIndirectInputEvents = YES;
				INFOPLIST_KEY_UILaunchScreen_Generation = YES;
				INFOPLIST_KEY_UISupportedInterfaceOrientations_iPad = "UIInterfaceOrientationPortrait UIInterfaceOrientationPortraitUpsideDown UIInterfaceOrientationLandscapeLeft UIInterfaceOrientationLandscapeRight";
				INFOPLIST_KEY_UISupportedInterfaceOrientations_iPhone = "UIInterfaceOrientationPortrait UIInterfaceOrientationLandscapeLeft UIInterfaceOrientationLandscapeRight";
				LD_RUNPATH_SEARCH_PATHS = (
					"$(inherited)",
					"@executable_path/Frameworks",
				);
				MARKETING_VERSION = 1.0;
				PRODUCT_BUNDLE_IDENTIFIER = menuemuse.prototype;
				PRODUCT_NAME = "$(TARGET_NAME)";
				SWIFT_EMIT_LOC_STRINGS = YES;
				SWIFT_VERSION = 5.0;
				TARGETED_DEVICE_FAMILY = "1,2";
			};
			name = Debug;
		};
		4FBCBAE92B048EE200F89254 /* Release */ = {
			isa = XCBuildConfiguration;
			buildSettings = {
				ASSETCATALOG_COMPILER_APPICON_NAME = AppIcon;
				ASSETCATALOG_COMPILER_GLOBAL_ACCENT_COLOR_NAME = AccentColor;
				CODE_SIGN_STYLE = Automatic;
				CURRENT_PROJECT_VERSION = 1;
				DEVELOPMENT_ASSET_PATHS = "\"prototype/Preview Content\"";
				DEVELOPMENT_TEAM = 2U8VVNA68Z;
				ENABLE_PREVIEWS = YES;
				GENERATE_INFOPLIST_FILE = YES;
				INFOPLIST_KEY_UIApplicationSceneManifest_Generation = YES;
				INFOPLIST_KEY_UIApplicationSupportsIndirectInputEvents = YES;
				INFOPLIST_KEY_UILaunchScreen_Generation = YES;
				INFOPLIST_KEY_UISupportedInterfaceOrientations_iPad = "UIInterfaceOrientationPortrait UIInterfaceOrientationPortraitUpsideDown UIInterfaceOrientationLandscapeLeft UIInterfaceOrientationLandscapeRight";
				INFOPLIST_KEY_UISupportedInterfaceOrientations_iPhone = "UIInterfaceOrientationPortrait UIInterfaceOrientationLandscapeLeft UIInterfaceOrientationLandscapeRight";
				LD_RUNPATH_SEARCH_PATHS = (
					"$(inherited)",
					"@executable_path/Frameworks",
				);
				MARKETING_VERSION = 1.0;
				PRODUCT_BUNDLE_IDENTIFIER = menuemuse.prototype;
				PRODUCT_NAME = "$(TARGET_NAME)";
				SWIFT_EMIT_LOC_STRINGS = YES;
				SWIFT_VERSION = 5.0;
				TARGETED_DEVICE_FAMILY = "1,2";
			};
			name = Release;
		};
/* End XCBuildConfiguration section */

/* Begin XCConfigurationList section */
		4FBCBACF2B048EE000F89254 /* Build configuration list for PBXProject "Menu Muse" */ = {
			isa = XCConfigurationList;
			buildConfigurations = (
				4FBCBAE52B048EE200F89254 /* Debug */,
				4FBCBAE62B048EE200F89254 /* Release */,
			);
			defaultConfigurationIsVisible = 0;
			defaultConfigurationName = Release;
		};
		4FBCBAE72B048EE200F89254 /* Build configuration list for PBXNativeTarget "Menu Muse" */ = {
			isa = XCConfigurationList;
			buildConfigurations = (
				4FBCBAE82B048EE200F89254 /* Debug */,
				4FBCBAE92B048EE200F89254 /* Release */,
			);
			defaultConfigurationIsVisible = 0;
			defaultConfigurationName = Release;
		};
/* End XCConfigurationList section */

/* Begin XCVersionGroup section */
		4FBCBAE22B048EE200F89254 /* prototype.xcdatamodeld */ = {
			isa = XCVersionGroup;
			children = (
				4FBCBAE32B048EE200F89254 /* prototype.xcdatamodel */,
			);
			currentVersion = 4FBCBAE32B048EE200F89254 /* prototype.xcdatamodel */;
			path = prototype.xcdatamodeld;
			sourceTree = "<group>";
			versionGroupType = wrapper.xcdatamodel;
		};
/* End XCVersionGroup section */
	};
	rootObject = 4FBCBACC2B048EE000F89254 /* Project object */;
}
